
Microsoft Visual Studio Solution File, Format Version 12.00
# Visual Studio 14
VisualStudioVersion = 14.0.25420.1
MinimumVisualStudioVersion = 10.0.40219.1
Project("{FAE04EC0-301F-11D3-BF4B-00C04F79EFBC}") = "PracticaParcial", "PracticaParcial\PracticaParcial.csproj", "{9A232F42-FBFC-42F0-AF35-5624BF8A5C30}"
EndProject
Project("{FAE04EC0-301F-11D3-BF4B-00C04F79EFBC}") = "TrabajoLenguajes", "..\TrabajoLenguajes\TrabajoLenguajes\TrabajoLenguajes.csproj", "{AE614CA1-6191-42DB-AF60-EABE98F7A9C8}"
EndProject
Global
	GlobalSection(SolutionConfigurationPlatforms) = preSolution
		Debug|Any CPU = Debug|Any CPU
		Release|Any CPU = Release|Any CPU
	EndGlobalSection
	GlobalSection(ProjectConfigurationPlatforms) = postSolution
		{9A232F42-FBFC-42F0-AF35-5624BF8A5C30}.Debug|Any CPU.ActiveCfg = Debug|Any CPU
		{9A232F42-FBFC-42F0-AF35-5624BF8A5C30}.Debug|Any CPU.Build.0 = Debug|Any CPU
		{9A232F42-FBFC-42F0-AF35-5624BF8A5C30}.Release|Any CPU.ActiveCfg = Release|Any CPU
		{9A232F42-FBFC-42F0-AF35-5624BF8A5C30}.Release|Any CPU.Build.0 = Release|Any CPU
		{AE614CA1-6191-42DB-AF60-EABE98F7A9C8}.Debug|Any CPU.ActiveCfg = Debug|Any CPU
		{AE614CA1-6191-42DB-AF60-EABE98F7A9C8}.Debug|Any CPU.Build.0 = Debug|Any CPU
		{AE614CA1-6191-42DB-AF60-EABE98F7A9C8}.Release|Any CPU.ActiveCfg = Release|Any CPU
		{AE614CA1-6191-42DB-AF60-EABE98F7A9C8}.Release|Any CPU.Build.0 = Release|Any CPU
	EndGlobalSection
	GlobalSection(SolutionProperties) = preSolution
		HideSolutionNode = FALSE
	EndGlobalSection
EndGlobal
